<?xml version="1.0" encoding="utf-8"?>
<Project ToolsVersion="4.0" xmlns="http://schemas.microsoft.com/developer/msbuild/2003">
  <ItemGroup>
    <Filter Include="Source Files">
      <UniqueIdentifier>{4FC737F1-C7A5-4376-A066-2A32D752A2FF}</UniqueIdentifier>
      <Extensions>cpp;c;cc;cxx;def;odl;idl;hpj;bat;asm;asmx</Extensions>
    </Filter>
    <Filter Include="Header Files">
      <UniqueIdentifier>{93995380-89BD-4b04-88EB-625FBE52EBFB}</UniqueIdentifier>
      <Extensions>h;hh;hpp;hxx;hm;inl;inc;xsd</Extensions>
    </Filter>
    <Filter Include="Resource Files">
      <UniqueIdentifier>{67DA6AB6-F800-4c08-8B7A-83BB121AAD01}</UniqueIdentifier>
      <Extensions>rc;ico;cur;bmp;dlg;rc2;rct;bin;rgs;gif;jpg;jpeg;jpe;resx;tiff;tif;png;wav;mfcribbon-ms</Extensions>
    </Filter>
    <Filter Include="asio">
      <UniqueIdentifier>{b2cd3aeb-dbf3-42e8-9ca6-1dc1bb0e3c5a}</UniqueIdentifier>
    </Filter>
    <Filter Include="Source Files\ZTEX">
      <UniqueIdentifier>{99977dbd-077e-4450-a655-93b501d24741}</UniqueIdentifier>
    </Filter>
    <Filter Include="Source Files\USBDk">
      <UniqueIdentifier>{333de427-519b-4766-85e7-2e93e9cbb475}</UniqueIdentifier>
    </Filter>
    <Filter Include="Source Files\UsbDev">
      <UniqueIdentifier>{943b4181-64f5-4b12-a6a5-4c95401302dd}</UniqueIdentifier>
    </Filter>
    <Filter Include="Source Files\FX2LP">
      <UniqueIdentifier>{12c23e0f-c0bb-41ba-bb0a-530f1a38e1e2}</UniqueIdentifier>
    </Filter>
    <Filter Include="Source Files\libs">
      <UniqueIdentifier>{696ff202-4afa-4f4e-95ed-09d0d7f0d4d2}</UniqueIdentifier>
    </Filter>
    <Filter Include="Source Files\libs\NTray">
      <UniqueIdentifier>{2b445f5a-f86d-4aaf-9d5d-83d0b728742e}</UniqueIdentifier>
    </Filter>
    <Filter Include="Source Files\libs\boost">
      <UniqueIdentifier>{f80e8468-bde8-4c5c-bc3d-b8c9b1232cf6}</UniqueIdentifier>
    </Filter>
    <Filter Include="Source Files\libs\boost\property_tree">
      <UniqueIdentifier>{471aa5e1-c56a-4e52-ae6b-1d07355fd54d}</UniqueIdentifier>
    </Filter>
    <Filter Include="Source Files\libs\boost\property_tree\detail">
      <UniqueIdentifier>{928b05e8-65eb-431d-b4c9-d4104c79601d}</UniqueIdentifier>
    </Filter>
    <Filter Include="Source Files\Settings">
      <UniqueIdentifier>{dc9cf763-0a66-466f-892c-2ef729ada42a}</UniqueIdentifier>
    </Filter>
  </ItemGroup>
  <ItemGroup>
    <Text Include="ReadMe.txt" />
  </ItemGroup>
  <ItemGroup>
    <ClInclude Include="stdafx.h">
      <Filter>Header Files</Filter>
    </ClInclude>
    <ClInclude Include="targetver.h">
      <Filter>Header Files</Filter>
    </ClInclude>
    <ClInclude Include="..\..\ASIOSDK2.3\common\combase.h">
      <Filter>asio</Filter>
    </ClInclude>
    <ClInclude Include="..\..\ASIOSDK2.3\common\asiosys.h">
      <Filter>asio</Filter>
    </ClInclude>
    <ClInclude Include="..\..\ASIOSDK2.3\common\iasiodrv.h">
      <Filter>asio</Filter>
    </ClInclude>
    <ClInclude Include="resource.h">
      <Filter>Header Files</Filter>
    </ClInclude>
    <ClInclude Include="TortugASIO.h">
      <Filter>Source Files</Filter>
    </ClInclude>
    <ClInclude Include="..\ZTEXDev\ztexdev.h">
      <Filter>Source Files\ZTEX</Filter>
    </ClInclude>
    <ClInclude Include="..\UsbDK\UsbDKWrap.h">
      <Filter>Source Files\USBDk</Filter>
    </ClInclude>
    <ClInclude Include="..\UsbDev\UsbDev.h">
      <Filter>Source Files\UsbDev</Filter>
    </ClInclude>
    <ClInclude Include="..\FX2LP\CypressDevice.h">
      <Filter>Source Files\FX2LP</Filter>
    </ClInclude>
    <ClInclude Include="..\..\ASIOSDK2.3\common\asio.h">
      <Filter>asio</Filter>
    </ClInclude>
    <ClInclude Include="MainFrame.h">
      <Filter>Source Files</Filter>
    </ClInclude>
    <ClInclude Include="..\..\libs\ntray\NTray.h">
      <Filter>Source Files\libs\NTray</Filter>
    </ClInclude>
    <ClInclude Include="..\..\libs\boost_1_68_0\boost\property_tree\ini_parser.hpp">
      <Filter>Source Files\libs\boost\property_tree</Filter>
    </ClInclude>
    <ClInclude Include="..\..\libs\boost_1_68_0\boost\property_tree\detail\ptree_utils.hpp">
      <Filter>Source Files\libs\boost\property_tree\detail</Filter>
    </ClInclude>
    <ClInclude Include="..\..\libs\boost_1_68_0\boost\property_tree\detail\file_parser_error.hpp">
      <Filter>Source Files\libs\boost\property_tree\detail</Filter>
    </ClInclude>
    <ClInclude Include="..\..\libs\boost_1_68_0\boost\property_tree\ptree.hpp">
      <Filter>Source Files\libs\boost\property_tree</Filter>
    </ClInclude>
    <ClInclude Include="ASIOSettings.h">
      <Filter>Source Files\Settings</Filter>
    </ClInclude>
    <ClInclude Include="ASIOSettingsFile.h">
      <Filter>Source Files\Settings</Filter>
    </ClInclude>
    <ClInclude Include="SettingsDlg.h">
      <Filter>Source Files\Settings</Filter>
    </ClInclude>
  </ItemGroup>
  <ItemGroup>
    <ClCompile Include="TortugASIO.cpp">
      <Filter>Source Files</Filter>
    </ClCompile>
    <ClCompile Include="..\..\asiosdk2.3\common\combase.cpp">
      <Filter>asio</Filter>
    </ClCompile>
    <ClCompile Include="..\..\asiosdk2.3\common\dllentry.cpp">
      <Filter>asio</Filter>
    </ClCompile>
    <ClCompile Include="..\..\asiosdk2.3\common\register.cpp">
      <Filter>asio</Filter>
    </ClCompile>
    <ClCompile Include="Main.cpp">
      <Filter>Source Files</Filter>
    </ClCompile>
    <ClCompile Include="..\ZTEXDev\ztexdev.cpp">
      <Filter>Source Files\ZTEX</Filter>
    </ClCompile>
    <ClCompile Include="..\UsbDK\UsbDKWrap.cpp">
      <Filter>Source Files\USBDk</Filter>
    </ClCompile>
    <ClCompile Include="..\UsbDev\UsbDev.cpp">
      <Filter>Source Files\UsbDev</Filter>
    </ClCompile>
    <ClCompile Include="..\FX2LP\CypressDevice.cpp">
      <Filter>Source Files\FX2LP</Filter>
    </ClCompile>
    <ClCompile Include="MainFrame.cpp">
      <Filter>Source Files</Filter>
    </ClCompile>
    <ClCompile Include="..\..\libs\ntray\NTray.cpp">
      <Filter>Source Files\libs\NTray</Filter>
    </ClCompile>
    <ClCompile Include="ASIOSettings.cpp">
      <Filter>Source Files\Settings</Filter>
    </ClCompile>
    <ClCompile Include="ASIOSettingsFile.cpp">
      <Filter>Source Files\Settings</Filter>
    </ClCompile>
    <ClCompile Include="SettingsDlg.cpp">
      <Filter>Source Files\Settings</Filter>
    </ClCompile>
  </ItemGroup>
  <ItemGroup>
    <None Include="TortugASIO.def">
      <Filter>Source Files</Filter>
    </None>
  </ItemGroup>
  <ItemGroup>
    <ResourceCompile Include="TortugASIO.rc">
      <Filter>Resource Files</Filter>
    </ResourceCompile>
  </ItemGroup>
</Project>