<?xml version="1.0" encoding="utf-8"?>
<Project ToolsVersion="4.0" xmlns="http://schemas.microsoft.com/developer/msbuild/2003">
  <ItemGroup>
    <Filter Include="Source Files">
      <UniqueIdentifier>{4FC737F1-C7A5-4376-A066-2A32D752A2FF}</UniqueIdentifier>
      <Extensions>cpp;c;cc;cxx;def;odl;idl;hpj;bat;asm;asmx</Extensions>
    </Filter>
    <Filter Include="Resource Files">
      <UniqueIdentifier>{67DA6AB6-F800-4c08-8B7A-83BB121AAD01}</UniqueIdentifier>
      <Extensions>rc;ico;cur;bmp;dlg;rc2;rct;bin;rgs;gif;jpg;jpeg;jpe;resx;tiff;tif;png;wav;mfcribbon-ms</Extensions>
    </Filter>
    <Filter Include="Source Files\ZTEX">
      <UniqueIdentifier>{48c3b9e8-f9db-4a84-8a75-ca295b3a4205}</UniqueIdentifier>
    </Filter>
    <Filter Include="Source Files\UsbDev">
      <UniqueIdentifier>{3a8da9fc-2043-47ea-b7ec-190833be9a54}</UniqueIdentifier>
    </Filter>
    <Filter Include="Source Files\FX2LP">
      <UniqueIdentifier>{d4d1ff17-fc33-4005-9779-d18147750516}</UniqueIdentifier>
    </Filter>
    <Filter Include="Source Files\UsbDK">
      <UniqueIdentifier>{b406dc6f-17f1-470c-8292-7802db522f29}</UniqueIdentifier>
    </Filter>
    <Filter Include="Source Files\libs">
      <UniqueIdentifier>{3bef1916-7fa9-4064-b342-b57493405c74}</UniqueIdentifier>
    </Filter>
    <Filter Include="Source Files\libs\NTray">
      <UniqueIdentifier>{ed18c900-33b5-4faf-a90b-a2afe72a9797}</UniqueIdentifier>
    </Filter>
    <Filter Include="Source Files\libs\Simpleini">
      <UniqueIdentifier>{a262fe11-44f7-4e5e-8917-51debf88b4d3}</UniqueIdentifier>
    </Filter>
  </ItemGroup>
  <ItemGroup>
    <Text Include="ReadMe.txt" />
  </ItemGroup>
  <ItemGroup>
    <ClInclude Include="..\ZTEXDev\ztexdev.h">
      <Filter>Source Files\ZTEX</Filter>
    </ClInclude>
    <ClInclude Include="..\UsbDK\UsbDKWrap.h">
      <Filter>Source Files\UsbDK</Filter>
    </ClInclude>
    <ClInclude Include="..\UsbDev\UsbDev.h">
      <Filter>Source Files\UsbDev</Filter>
    </ClInclude>
    <ClInclude Include="..\FX2LP\CypressDevice.h">
      <Filter>Source Files\FX2LP</Filter>
    </ClInclude>
    <ClInclude Include="AudioXtreamerDlg.h">
      <Filter>Source Files</Filter>
    </ClInclude>
    <ClInclude Include="AudioXtreamer.h">
      <Filter>Source Files</Filter>
    </ClInclude>
    <ClInclude Include="stdafx.h">
      <Filter>Source Files</Filter>
    </ClInclude>
    <ClInclude Include="Resource.h">
      <Filter>Resource Files</Filter>
    </ClInclude>
    <ClInclude Include="targetver.h">
      <Filter>Resource Files</Filter>
    </ClInclude>
    <ClInclude Include="ASIOSettings.h">
      <Filter>Source Files</Filter>
    </ClInclude>
    <ClInclude Include="ASIOSettingsFile.h">
      <Filter>Source Files</Filter>
    </ClInclude>
    <ClInclude Include="..\..\libs\ntray\NTray.h">
      <Filter>Source Files\libs\NTray</Filter>
    </ClInclude>
    <ClInclude Include="..\..\libs\simpleini\SimpleIni.h">
      <Filter>Source Files\libs\Simpleini</Filter>
    </ClInclude>
    <ClInclude Include="MainFrame.h">
      <Filter>Source Files</Filter>
    </ClInclude>
    <ClInclude Include="SettingsDlg.h">
      <Filter>Source Files</Filter>
    </ClInclude>
    <ClInclude Include="AudioXtreamerDlg.cpp">
      <Filter>Source Files</Filter>
    </ClInclude>
    <ClInclude Include="SettingsDlg.cpp">
      <Filter>Source Files</Filter>
    </ClInclude>
    <ClInclude Include="PropertySheetDlg.h">
      <Filter>Source Files</Filter>
    </ClInclude>
    <ClInclude Include="UsbBackend.h">
      <Filter>Source Files</Filter>
    </ClInclude>
  </ItemGroup>
  <ItemGroup>
    <ClCompile Include="AudioXtreamer.cpp">
      <Filter>Source Files</Filter>
    </ClCompile>
    <ClCompile Include="stdafx.cpp">
      <Filter>Source Files</Filter>
    </ClCompile>
    <ClCompile Include="..\ZTEXDev\ztexdev.cpp">
      <Filter>Source Files\ZTEX</Filter>
    </ClCompile>
    <ClCompile Include="..\UsbDK\UsbDKWrap.cpp">
      <Filter>Source Files\UsbDK</Filter>
    </ClCompile>
    <ClCompile Include="..\UsbDev\UsbDev.cpp">
      <Filter>Source Files\UsbDev</Filter>
    </ClCompile>
    <ClCompile Include="..\FX2LP\CypressDevice.cpp">
      <Filter>Source Files\FX2LP</Filter>
    </ClCompile>
    <ClCompile Include="ASIOSettings.cpp">
      <Filter>Source Files</Filter>
    </ClCompile>
    <ClCompile Include="ASIOSettingsFile.cpp">
      <Filter>Source Files</Filter>
    </ClCompile>
    <ClCompile Include="..\..\libs\ntray\NTray.cpp">
      <Filter>Source Files\libs\NTray</Filter>
    </ClCompile>
    <ClCompile Include="MainFrame.cpp">
      <Filter>Source Files</Filter>
    </ClCompile>
    <ClCompile Include="PropertySheetDlg.cpp">
      <Filter>Source Files</Filter>
    </ClCompile>
  </ItemGroup>
  <ItemGroup>
    <ResourceCompile Include="AudioXtreamer.rc">
      <Filter>Resource Files</Filter>
    </ResourceCompile>
  </ItemGroup>
  <ItemGroup>
    <None Include="res\AudioXtreamer.rc2">
      <Filter>Resource Files</Filter>
    </None>
    <None Include="..\..\FPGA\ZTEX201\USB32chAudio\cy16_to_iis.bin">
      <Filter>Resource Files</Filter>
    </None>
  </ItemGroup>
  <ItemGroup>
    <Image Include="res\AudioXtreamer.ico">
      <Filter>Resource Files</Filter>
    </Image>
    <Image Include="res\AudioXtreamerR.ico">
      <Filter>Resource Files</Filter>
    </Image>
    <Image Include="res\AudioXtreamerY.ico">
      <Filter>Resource Files</Filter>
    </Image>
  </ItemGroup>
</Project>